
Microsoft Visual Studio Solution File, Format Version 12.00
# Visual Studio 15
VisualStudioVersion = 15.0.26730.16
MinimumVisualStudioVersion = 10.0.40219.1
Project("{9A19103F-16F7-4668-BE54-9A1E7A4F7556}") = "WerefoxBot", "WerefoxBot\WerefoxBot.csproj", "{DDEE1B5D-1680-4718-9795-8F84B6BB747C}"
EndProject
Project("{FAE04EC0-301F-11D3-BF4B-00C04F79EFBC}") = "DSharpPlus", "DSharpPlus\DSharpPlus\DSharpPlus.csproj", "{8E28DA9A-F2DF-4F77-99A0-6721FEE2068D}"
EndProject
Project("{2150E333-8FDC-42A3-9474-1A3956D46DE8}") = "DSharpPlus", "DSharpPlus", "{4F808D36-9D44-4476-9E0E-D6D36E146429}"
EndProject
Project("{FAE04EC0-301F-11D3-BF4B-00C04F79EFBC}") = "DSharpPlus.CommandsNext", "DSharpPlus\DSharpPlus.CommandsNext\DSharpPlus.CommandsNext.csproj", "{10CAF06C-3F97-4FCD-8762-C4337B2DA573}"
EndProject
Project("{FAE04EC0-301F-11D3-BF4B-00C04F79EFBC}") = "DSharpPlus.Interactivity", "DSharpPlus\DSharpPlus.Interactivity\DSharpPlus.Interactivity.csproj", "{7298E618-8483-45AD-BFDC-AAE320F78CDD}"
EndProject
Project("{FAE04EC0-301F-11D3-BF4B-00C04F79EFBC}") = "WerefoxBotTest", "WerefoxBotTest\WerefoxBotTest.csproj", "{714A1442-EA8E-4752-B1AC-C4AE1807864B}"
EndProject
Project("{FAE04EC0-301F-11D3-BF4B-00C04F79EFBC}") = "Werefox", "Werefox\Werefox.csproj", "{9B7A2BEE-59C4-4093-94AD-C44329BF7815}"
EndProject
Global
	GlobalSection(SolutionConfigurationPlatforms) = preSolution
		Debug|Any CPU = Debug|Any CPU
		Release|Any CPU = Release|Any CPU
	EndGlobalSection
	GlobalSection(ProjectConfigurationPlatforms) = postSolution
		{DDEE1B5D-1680-4718-9795-8F84B6BB747C}.Debug|Any CPU.ActiveCfg = Debug|Any CPU
		{DDEE1B5D-1680-4718-9795-8F84B6BB747C}.Debug|Any CPU.Build.0 = Debug|Any CPU
		{DDEE1B5D-1680-4718-9795-8F84B6BB747C}.Release|Any CPU.ActiveCfg = Release|Any CPU
		{DDEE1B5D-1680-4718-9795-8F84B6BB747C}.Release|Any CPU.Build.0 = Release|Any CPU
		{8E28DA9A-F2DF-4F77-99A0-6721FEE2068D}.Debug|Any CPU.ActiveCfg = Debug|Any CPU
		{8E28DA9A-F2DF-4F77-99A0-6721FEE2068D}.Debug|Any CPU.Build.0 = Debug|Any CPU
		{8E28DA9A-F2DF-4F77-99A0-6721FEE2068D}.Release|Any CPU.ActiveCfg = Release|Any CPU
		{8E28DA9A-F2DF-4F77-99A0-6721FEE2068D}.Release|Any CPU.Build.0 = Release|Any CPU
		{10CAF06C-3F97-4FCD-8762-C4337B2DA573}.Debug|Any CPU.ActiveCfg = Debug|Any CPU
		{10CAF06C-3F97-4FCD-8762-C4337B2DA573}.Debug|Any CPU.Build.0 = Debug|Any CPU
		{10CAF06C-3F97-4FCD-8762-C4337B2DA573}.Release|Any CPU.ActiveCfg = Release|Any CPU
		{10CAF06C-3F97-4FCD-8762-C4337B2DA573}.Release|Any CPU.Build.0 = Release|Any CPU
		{7298E618-8483-45AD-BFDC-AAE320F78CDD}.Debug|Any CPU.ActiveCfg = Debug|Any CPU
		{7298E618-8483-45AD-BFDC-AAE320F78CDD}.Debug|Any CPU.Build.0 = Debug|Any CPU
		{7298E618-8483-45AD-BFDC-AAE320F78CDD}.Release|Any CPU.ActiveCfg = Release|Any CPU
		{7298E618-8483-45AD-BFDC-AAE320F78CDD}.Release|Any CPU.Build.0 = Release|Any CPU
		{714A1442-EA8E-4752-B1AC-C4AE1807864B}.Debug|Any CPU.ActiveCfg = Debug|Any CPU
		{714A1442-EA8E-4752-B1AC-C4AE1807864B}.Debug|Any CPU.Build.0 = Debug|Any CPU
		{714A1442-EA8E-4752-B1AC-C4AE1807864B}.Release|Any CPU.ActiveCfg = Release|Any CPU
		{714A1442-EA8E-4752-B1AC-C4AE1807864B}.Release|Any CPU.Build.0 = Release|Any CPU
		{9B7A2BEE-59C4-4093-94AD-C44329BF7815}.Debug|Any CPU.ActiveCfg = Debug|Any CPU
		{9B7A2BEE-59C4-4093-94AD-C44329BF7815}.Debug|Any CPU.Build.0 = Debug|Any CPU
		{9B7A2BEE-59C4-4093-94AD-C44329BF7815}.Release|Any CPU.ActiveCfg = Release|Any CPU
		{9B7A2BEE-59C4-4093-94AD-C44329BF7815}.Release|Any CPU.Build.0 = Release|Any CPU
	EndGlobalSection
	GlobalSection(SolutionProperties) = preSolution
		HideSolutionNode = FALSE
	EndGlobalSection
	GlobalSection(ExtensibilityGlobals) = postSolution
		SolutionGuid = {472C145C-A625-4B58-8FFD-25DB59384062}
	EndGlobalSection
	GlobalSection(NestedProjects) = preSolution
		{8E28DA9A-F2DF-4F77-99A0-6721FEE2068D} = {4F808D36-9D44-4476-9E0E-D6D36E146429}
		{10CAF06C-3F97-4FCD-8762-C4337B2DA573} = {4F808D36-9D44-4476-9E0E-D6D36E146429}
		{7298E618-8483-45AD-BFDC-AAE320F78CDD} = {4F808D36-9D44-4476-9E0E-D6D36E146429}
	EndGlobalSection
EndGlobal
